<?xml version="1.0" encoding="utf-8"?>
<Project ToolsVersion="4.0" xmlns="http://schemas.microsoft.com/developer/msbuild/2003">
  <ItemGroup>
    <Filter Include="Source Files">
      <UniqueIdentifier>{8a433e5d-e4c3-4ea0-9c40-c9200edac678}</UniqueIdentifier>
      <Extensions>cpp;c;cxx;rc;def;r;odl;idl;hpj;bat</Extensions>
    </Filter>
    <Filter Include="Header Files">
      <UniqueIdentifier>{22207ee0-bcda-4a98-9838-2c1d18ed2d1b}</UniqueIdentifier>
      <Extensions>h;hpp;hxx;hm;inl</Extensions>
    </Filter>
    <Filter Include="Resource Files">
      <UniqueIdentifier>{ed7cd5d9-fdd0-480d-9d81-ff8acf8f274d}</UniqueIdentifier>
      <Extensions>ico;cur;bmp;dlg;rc2;rct;bin;rgs;gif;jpg;jpeg;jpe</Extensions>
    </Filter>
  </ItemGroup>
  <ItemGroup>
    <ClCompile Include="ChildFrm.cpp">
      <Filter>Source Files</Filter>
    </ClCompile>
    <ClCompile Include="CntrItem.cpp">
      <Filter>Source Files</Filter>
    </ClCompile>
    <ClCompile Include="MainFrm.cpp">
      <Filter>Source Files</Filter>
    </ClCompile>
    <ClCompile Include="MDI_Redit.cpp">
      <Filter>Source Files</Filter>
    </ClCompile>
    <ClCompile Include="MDI_ReditDoc.cpp">
      <Filter>Source Files</Filter>
    </ClCompile>
    <ClCompile Include="MDI_ReditView.cpp">
      <Filter>Source Files</Filter>
    </ClCompile>
    <ClCompile Include="StdAfx.cpp">
      <Filter>Source Files</Filter>
    </ClCompile>
  </ItemGroup>
  <ItemGroup>
    <ResourceCompile Include="MDI_Redit.rc">
      <Filter>Source Files</Filter>
    </ResourceCompile>
  </ItemGroup>
  <ItemGroup>
    <ClInclude Include="ChildFrm.h">
      <Filter>Header Files</Filter>
    </ClInclude>
    <ClInclude Include="CntrItem.h">
      <Filter>Header Files</Filter>
    </ClInclude>
    <ClInclude Include="MainFrm.h">
      <Filter>Header Files</Filter>
    </ClInclude>
    <ClInclude Include="MDI_Redit.h">
      <Filter>Header Files</Filter>
    </ClInclude>
    <ClInclude Include="MDI_ReditDoc.h">
      <Filter>Header Files</Filter>
    </ClInclude>
    <ClInclude Include="MDI_ReditView.h">
      <Filter>Header Files</Filter>
    </ClInclude>
    <ClInclude Include="Resource.h">
      <Filter>Header Files</Filter>
    </ClInclude>
    <ClInclude Include="StdAfx.h">
      <Filter>Header Files</Filter>
    </ClInclude>
  </ItemGroup>
  <ItemGroup>
    <Image Include="res\MDI_Redit.ico">
      <Filter>Resource Files</Filter>
    </Image>
    <Image Include="res\MDI_ReditDoc.ico">
      <Filter>Resource Files</Filter>
    </Image>
    <Image Include="res\Toolbar.bmp">
      <Filter>Resource Files</Filter>
    </Image>
  </ItemGroup>
  <ItemGroup>
    <Text Include="ReadMe.txt" />
  </ItemGroup>
  <ItemGroup>
    <CustomBuild Include="res\MDI_Redit.rc2">
      <Filter>Resource Files</Filter>
    </CustomBuild>
  </ItemGroup>
</Project>